
Microsoft Visual Studio Solution File, Format Version 12.00
# Visual Studio 15
VisualStudioVersion = 15.0.27130.2010
MinimumVisualStudioVersion = 10.0.40219.1
Project("{888888A0-9F3D-457C-B088-3A5042F75D52}") = "flavors-analisys", "flavors-analisys.pyproj", "{3C2889E9-75E1-44EE-8422-F7978C05ABDD}"
EndProject
Global
	GlobalSection(SolutionConfigurationPlatforms) = preSolution
		Debug|Any CPU = Debug|Any CPU
		Release|Any CPU = Release|Any CPU
	EndGlobalSection
	GlobalSection(ProjectConfigurationPlatforms) = postSolution
		{3C2889E9-75E1-44EE-8422-F7978C05ABDD}.Debug|Any CPU.ActiveCfg = Debug|Any CPU
		{3C2889E9-75E1-44EE-8422-F7978C05ABDD}.Release|Any CPU.ActiveCfg = Release|Any CPU
	EndGlobalSection
	GlobalSection(SolutionProperties) = preSolution
		HideSolutionNode = FALSE
	EndGlobalSection
	GlobalSection(ExtensibilityGlobals) = postSolution
		SolutionGuid = {46B7551D-9F3B-47BB-B804-9E7BE1BCC2B2}
	EndGlobalSection
EndGlobal
