<?xml version="1.0" encoding="utf-8"?>
<Project ToolsVersion="4.0" xmlns="http://schemas.microsoft.com/developer/msbuild/2003">
  <ItemGroup>
    <Filter Include="src">
      <UniqueIdentifier>{b9ec2661-5db0-40e3-90f2-e86178061ab6}</UniqueIdentifier>
    </Filter>
  </ItemGroup>
  <ItemGroup>
    <ClCompile Include="src\dataTests.cpp">
      <Filter>src</Filter>
    </ClCompile>
    <ClCompile Include="src\samplesTests.cpp">
      <Filter>src</Filter>
    </ClCompile>
    <ClCompile Include="src\testsMain.cpp">
      <Filter>src</Filter>
    </ClCompile>
    <ClCompile Include="src\treeTests.cpp">
      <Filter>src</Filter>
    </ClCompile>
  </ItemGroup>
  <ItemGroup>
    <ClInclude Include="src\testData.h">
      <Filter>src</Filter>
    </ClInclude>
  </ItemGroup>
  <ItemGroup>
    <None Include="packages.config" />
  </ItemGroup>
</Project>