
Microsoft Visual Studio Solution File, Format Version 12.00
# Visual Studio 15
VisualStudioVersion = 15.0.27004.2009
MinimumVisualStudioVersion = 10.0.40219.1
Project("{8BC9CEB8-8B4A-11D0-8D11-00A0C91BC942}") = "flavors", "flavors\flavors.vcxproj", "{06A7268E-221F-4F4A-82BA-39CB23445B3E}"
EndProject
Project("{8BC9CEB8-8B4A-11D0-8D11-00A0C91BC942}") = "cuda-api-wrappers", "lib\cuda-api-wrappers\cuda-api-wrappers.vcxproj", "{B050A4AE-0997-479F-B12E-7DDEAE0EF7DB}"
EndProject
Project("{8BC9CEB8-8B4A-11D0-8D11-00A0C91BC942}") = "flavors-benchmarks", "benchmark\flavors-benchmark\flavors-benchmarks.vcxproj", "{6A810E03-2538-442C-86FA-2CE6AC36897F}"
EndProject
Project("{8BC9CEB8-8B4A-11D0-8D11-00A0C91BC942}") = "flavors-benchmarks-run", "benchmark\benchmark-run\flavors-benchmarks-run.vcxproj", "{F5E61F60-A25A-49C9-BBF8-FE23D8986893}"
	ProjectSection(ProjectDependencies) = postProject
		{6A810E03-2538-442C-86FA-2CE6AC36897F} = {6A810E03-2538-442C-86FA-2CE6AC36897F}
		{06A7268E-221F-4F4A-82BA-39CB23445B3E} = {06A7268E-221F-4F4A-82BA-39CB23445B3E}
		{B050A4AE-0997-479F-B12E-7DDEAE0EF7DB} = {B050A4AE-0997-479F-B12E-7DDEAE0EF7DB}
	EndProjectSection
EndProject
Project("{8BC9CEB8-8B4A-11D0-8D11-00A0C91BC942}") = "flavors-tests", "test\flavors-tests.vcxproj", "{A577BED5-94D5-45C5-8AC8-D724A8EFCED5}"
EndProject
Global
	GlobalSection(SolutionConfigurationPlatforms) = preSolution
		Debug|x64 = Debug|x64
		Release|x64 = Release|x64
	EndGlobalSection
	GlobalSection(ProjectConfigurationPlatforms) = postSolution
		{06A7268E-221F-4F4A-82BA-39CB23445B3E}.Debug|x64.ActiveCfg = Debug|x64
		{06A7268E-221F-4F4A-82BA-39CB23445B3E}.Debug|x64.Build.0 = Debug|x64
		{06A7268E-221F-4F4A-82BA-39CB23445B3E}.Release|x64.ActiveCfg = Release|x64
		{06A7268E-221F-4F4A-82BA-39CB23445B3E}.Release|x64.Build.0 = Release|x64
		{B050A4AE-0997-479F-B12E-7DDEAE0EF7DB}.Debug|x64.ActiveCfg = Debug|x64
		{B050A4AE-0997-479F-B12E-7DDEAE0EF7DB}.Debug|x64.Build.0 = Debug|x64
		{B050A4AE-0997-479F-B12E-7DDEAE0EF7DB}.Release|x64.ActiveCfg = Release|x64
		{B050A4AE-0997-479F-B12E-7DDEAE0EF7DB}.Release|x64.Build.0 = Release|x64
		{6A810E03-2538-442C-86FA-2CE6AC36897F}.Debug|x64.ActiveCfg = Debug|x64
		{6A810E03-2538-442C-86FA-2CE6AC36897F}.Debug|x64.Build.0 = Debug|x64
		{6A810E03-2538-442C-86FA-2CE6AC36897F}.Release|x64.ActiveCfg = Release|x64
		{6A810E03-2538-442C-86FA-2CE6AC36897F}.Release|x64.Build.0 = Release|x64
		{F5E61F60-A25A-49C9-BBF8-FE23D8986893}.Debug|x64.ActiveCfg = Debug|x64
		{F5E61F60-A25A-49C9-BBF8-FE23D8986893}.Debug|x64.Build.0 = Debug|x64
		{F5E61F60-A25A-49C9-BBF8-FE23D8986893}.Release|x64.ActiveCfg = Release|x64
		{F5E61F60-A25A-49C9-BBF8-FE23D8986893}.Release|x64.Build.0 = Release|x64
		{A577BED5-94D5-45C5-8AC8-D724A8EFCED5}.Debug|x64.ActiveCfg = Debug|x64
		{A577BED5-94D5-45C5-8AC8-D724A8EFCED5}.Debug|x64.Build.0 = Debug|x64
		{A577BED5-94D5-45C5-8AC8-D724A8EFCED5}.Release|x64.ActiveCfg = Release|x64
		{A577BED5-94D5-45C5-8AC8-D724A8EFCED5}.Release|x64.Build.0 = Release|x64
	EndGlobalSection
	GlobalSection(SolutionProperties) = preSolution
		HideSolutionNode = FALSE
	EndGlobalSection
	GlobalSection(ExtensibilityGlobals) = postSolution
		SolutionGuid = {2AC9F14A-29BD-4714-A5A1-FA47202390F4}
	EndGlobalSection
EndGlobal
